
Microsoft Visual Studio Solution File, Format Version 12.00
# Visual Studio Version 17
VisualStudioVersion = 17.4.33403.182
MinimumVisualStudioVersion = 10.0.40219.1
Project("{FAE04EC0-301F-11D3-BF4B-00C04F79EFBC}") = "Kalkulator", "Kalkulator\Kalkulator.csproj", "{DB85DEFF-E208-48ED-A384-C9AB8B7A9ABD}"
EndProject
Global
	GlobalSection(SolutionConfigurationPlatforms) = preSolution
		Debug|Any CPU = Debug|Any CPU
		Release|Any CPU = Release|Any CPU
	EndGlobalSection
	GlobalSection(ProjectConfigurationPlatforms) = postSolution
		{DB85DEFF-E208-48ED-A384-C9AB8B7A9ABD}.Debug|Any CPU.ActiveCfg = Debug|Any CPU
		{DB85DEFF-E208-48ED-A384-C9AB8B7A9ABD}.Debug|Any CPU.Build.0 = Debug|Any CPU
		{DB85DEFF-E208-48ED-A384-C9AB8B7A9ABD}.Release|Any CPU.ActiveCfg = Release|Any CPU
		{DB85DEFF-E208-48ED-A384-C9AB8B7A9ABD}.Release|Any CPU.Build.0 = Release|Any CPU
	EndGlobalSection
	GlobalSection(SolutionProperties) = preSolution
		HideSolutionNode = FALSE
	EndGlobalSection
	GlobalSection(ExtensibilityGlobals) = postSolution
		SolutionGuid = {794AEB47-E7A0-4905-B95B-ED5BA4E71F0A}
	EndGlobalSection
EndGlobal
